
Microsoft Visual Studio Solution File, Format Version 12.00
# Visual Studio Version 17
VisualStudioVersion = 17.2.32630.192
MinimumVisualStudioVersion = 10.0.40219.1
Project("{FAE04EC0-301F-11D3-BF4B-00C04F79EFBC}") = "nfocus.dylanwesthead.ecommerceproject", "nfocus.dylanwesthead.ecommerceproject\nfocus.dylanwesthead.ecommerceproject.csproj", "{69C11350-EE64-4F7E-BB2B-F0A79B73A374}"
EndProject
Global
	GlobalSection(SolutionConfigurationPlatforms) = preSolution
		Debug|Any CPU = Debug|Any CPU
		Release|Any CPU = Release|Any CPU
	EndGlobalSection
	GlobalSection(ProjectConfigurationPlatforms) = postSolution
		{69C11350-EE64-4F7E-BB2B-F0A79B73A374}.Debug|Any CPU.ActiveCfg = Debug|Any CPU
		{69C11350-EE64-4F7E-BB2B-F0A79B73A374}.Debug|Any CPU.Build.0 = Debug|Any CPU
		{69C11350-EE64-4F7E-BB2B-F0A79B73A374}.Release|Any CPU.ActiveCfg = Release|Any CPU
		{69C11350-EE64-4F7E-BB2B-F0A79B73A374}.Release|Any CPU.Build.0 = Release|Any CPU
	EndGlobalSection
	GlobalSection(SolutionProperties) = preSolution
		HideSolutionNode = FALSE
	EndGlobalSection
	GlobalSection(ExtensibilityGlobals) = postSolution
		SolutionGuid = {2AF6E377-8812-4035-9E5C-12225934F2BD}
	EndGlobalSection
EndGlobal
